// !$*UTF8*$!
{
	archiveVersion = 1;
	classes = {
	};
	objectVersion = 46;
	objects = {

/* Begin PBXBuildFile section */
		6B36758E1EED9DDB0061BD73 /* AppDelegate.swift in Sources */ = {isa = PBXBuildFile; fileRef = 6B36758D1EED9DDB0061BD73 /* AppDelegate.swift */; };
		6B3675901EED9DDB0061BD73 /* ViewController.swift in Sources */ = {isa = PBXBuildFile; fileRef = 6B36758F1EED9DDB0061BD73 /* ViewController.swift */; };
		6B3675931EED9DDB0061BD73 /* Main.storyboard in Resources */ = {isa = PBXBuildFile; fileRef = 6B3675911EED9DDB0061BD73 /* Main.storyboard */; };
		6B3675961EED9DDB0061BD73 /* Test_VariablePlaySpeed.xcdatamodeld in Sources */ = {isa = PBXBuildFile; fileRef = 6B3675941EED9DDB0061BD73 /* Test_VariablePlaySpeed.xcdatamodeld */; };
		6B3675981EED9DDB0061BD73 /* Assets.xcassets in Resources */ = {isa = PBXBuildFile; fileRef = 6B3675971EED9DDB0061BD73 /* Assets.xcassets */; };
		6B36759B1EED9DDB0061BD73 /* LaunchScreen.storyboard in Resources */ = {isa = PBXBuildFile; fileRef = 6B3675991EED9DDB0061BD73 /* LaunchScreen.storyboard */; };
		D4261C2838CD56D95B7752CD /* Pods_Test_VariablePlaySpeed.framework in Frameworks */ = {isa = PBXBuildFile; fileRef = 883EFFA2C51D1EC772BA3F96 /* Pods_Test_VariablePlaySpeed.framework */; };
/* End PBXBuildFile section */

/* Begin PBXFileReference section */
		6B36758A1EED9DDB0061BD73 /* Test_VariablePlaySpeed.app */ = {isa = PBXFileReference; explicitFileType = wrapper.application; includeInIndex = 0; path = Test_VariablePlaySpeed.app; sourceTree = BUILT_PRODUCTS_DIR; };
		6B36758D1EED9DDB0061BD73 /* AppDelegate.swift */ = {isa = PBXFileReference; lastKnownFileType = sourcecode.swift; path = AppDelegate.swift; sourceTree = "<group>"; };
		6B36758F1EED9DDB0061BD73 /* ViewController.swift */ = {isa = PBXFileReference; lastKnownFileType = sourcecode.swift; path = ViewController.swift; sourceTree = "<group>"; };
		6B3675921EED9DDB0061BD73 /* Base */ = {isa = PBXFileReference; lastKnownFileType = file.storyboard; name = Base; path = Base.lproj/Main.storyboard; sourceTree = "<group>"; };
		6B3675951EED9DDB0061BD73 /* Test_VariablePlaySpeed.xcdatamodel */ = {isa = PBXFileReference; lastKnownFileType = wrapper.xcdatamodel; path = Test_VariablePlaySpeed.xcdatamodel; sourceTree = "<group>"; };
		6B3675971EED9DDB0061BD73 /* Assets.xcassets */ = {isa = PBXFileReference; lastKnownFileType = folder.assetcatalog; path = Assets.xcassets; sourceTree = "<group>"; };
		6B36759A1EED9DDB0061BD73 /* Base */ = {isa = PBXFileReference; lastKnownFileType = file.storyboard; name = Base; path = Base.lproj/LaunchScreen.storyboard; sourceTree = "<group>"; };
		6B36759C1EED9DDB0061BD73 /* Info.plist */ = {isa = PBXFileReference; lastKnownFileType = text.plist.xml; path = Info.plist; sourceTree = "<group>"; };
		883EFFA2C51D1EC772BA3F96 /* Pods_Test_VariablePlaySpeed.framework */ = {isa = PBXFileReference; explicitFileType = wrapper.framework; includeInIndex = 0; path = Pods_Test_VariablePlaySpeed.framework; sourceTree = BUILT_PRODUCTS_DIR; };
		CB6548F319F7C2EA9760CBD4 /* Pods-Test_VariablePlaySpeed.debug.xcconfig */ = {isa = PBXFileReference; includeInIndex = 1; lastKnownFileType = text.xcconfig; name = "Pods-Test_VariablePlaySpeed.debug.xcconfig"; path = "Pods/Target Support Files/Pods-Test_VariablePlaySpeed/Pods-Test_VariablePlaySpeed.debug.xcconfig"; sourceTree = "<group>"; };
		EF64D1632535DB5D1540EBDE /* Pods-Test_VariablePlaySpeed.release.xcconfig */ = {isa = PBXFileReference; includeInIndex = 1; lastKnownFileType = text.xcconfig; name = "Pods-Test_VariablePlaySpeed.release.xcconfig"; path = "Pods/Target Support Files/Pods-Test_VariablePlaySpeed/Pods-Test_VariablePlaySpeed.release.xcconfig"; sourceTree = "<group>"; };
/* End PBXFileReference section */

/* Begin PBXFrameworksBuildPhase section */
		6B3675871EED9DDB0061BD73 /* Frameworks */ = {
			isa = PBXFrameworksBuildPhase;
			buildActionMask = 2147483647;
			files = (
				D4261C2838CD56D95B7752CD /* Pods_Test_VariablePlaySpeed.framework in Frameworks */,
			);
			runOnlyForDeploymentPostprocessing = 0;
		};
/* End PBXFrameworksBuildPhase section */

/* Begin PBXGroup section */
		6B3675811EED9DDB0061BD73 = {
			isa = PBXGroup;
			children = (
				6B36758C1EED9DDB0061BD73 /* Test_VariablePlaySpeed */,
				6B36758B1EED9DDB0061BD73 /* Products */,
				FEA523ED1D05A6FF66B6EBE8 /* Pods */,
				70E2D32A50259EACD823D97E /* Frameworks */,
			);
			sourceTree = "<group>";
		};
		6B36758B1EED9DDB0061BD73 /* Products */ = {
			isa = PBXGroup;
			children = (
				6B36758A1EED9DDB0061BD73 /* Test_VariablePlaySpeed.app */,
			);
			name = Products;
			sourceTree = "<group>";
		};
		6B36758C1EED9DDB0061BD73 /* Test_VariablePlaySpeed */ = {
			isa = PBXGroup;
			children = (
				6B36758D1EED9DDB0061BD73 /* AppDelegate.swift */,
				6B36758F1EED9DDB0061BD73 /* ViewController.swift */,
				6B3675911EED9DDB0061BD73 /* Main.storyboard */,
				6B3675971EED9DDB0061BD73 /* Assets.xcassets */,
				6B3675991EED9DDB0061BD73 /* LaunchScreen.storyboard */,
				6B36759C1EED9DDB0061BD73 /* Info.plist */,
				6B3675941EED9DDB0061BD73 /* Test_VariablePlaySpeed.xcdatamodeld */,
			);
			path = Test_VariablePlaySpeed;
			sourceTree = "<group>";
		};
		70E2D32A50259EACD823D97E /* Frameworks */ = {
			isa = PBXGroup;
			children = (
				883EFFA2C51D1EC772BA3F96 /* Pods_Test_VariablePlaySpeed.framework */,
			);
			name = Frameworks;
			sourceTree = "<group>";
		};
		FEA523ED1D05A6FF66B6EBE8 /* Pods */ = {
			isa = PBXGroup;
			children = (
				CB6548F319F7C2EA9760CBD4 /* Pods-Test_VariablePlaySpeed.debug.xcconfig */,
				EF64D1632535DB5D1540EBDE /* Pods-Test_VariablePlaySpeed.release.xcconfig */,
			);
			name = Pods;
			sourceTree = "<group>";
		};
/* End PBXGroup section */

/* Begin PBXNativeTarget section */
		6B3675891EED9DDB0061BD73 /* Test_VariablePlaySpeed */ = {
			isa = PBXNativeTarget;
			buildConfigurationList = 6B36759F1EED9DDB0061BD73 /* Build configuration list for PBXNativeTarget "Test_VariablePlaySpeed" */;
			buildPhases = (
				CD51D647D7A15506B017D6E3 /* [CP] Check Pods Manifest.lock */,
				6B3675861EED9DDB0061BD73 /* Sources */,
				6B3675871EED9DDB0061BD73 /* Frameworks */,
				6B3675881EED9DDB0061BD73 /* Resources */,
				C9F048C9D80EC69E7E62D9F1 /* [CP] Embed Pods Frameworks */,
				64D73D066B17BE94B537AA10 /* [CP] Copy Pods Resources */,
			);
			buildRules = (
			);
			dependencies = (
			);
			name = Test_VariablePlaySpeed;
			productName = Test_VariablePlaySpeed;
			productReference = 6B36758A1EED9DDB0061BD73 /* Test_VariablePlaySpeed.app */;
			productType = "com.apple.product-type.application";
		};
/* End PBXNativeTarget section */

/* Begin PBXProject section */
		6B3675821EED9DDB0061BD73 /* Project object */ = {
			isa = PBXProject;
			attributes = {
				LastSwiftUpdateCheck = 0830;
				LastUpgradeCheck = 0830;
				ORGANIZATIONNAME = "Sai Krishna Dubagunta";
				TargetAttributes = {
					6B3675891EED9DDB0061BD73 = {
						CreatedOnToolsVersion = 8.3.3;
						DevelopmentTeam = NE8AW735Y8;
						ProvisioningStyle = Automatic;
					};
				};
			};
			buildConfigurationList = 6B3675851EED9DDB0061BD73 /* Build configuration list for PBXProject "Test_VariablePlaySpeed" */;
			compatibilityVersion = "Xcode 3.2";
			developmentRegion = English;
			hasScannedForEncodings = 0;
			knownRegions = (
				en,
				Base,
			);
			mainGroup = 6B3675811EED9DDB0061BD73;
			productRefGroup = 6B36758B1EED9DDB0061BD73 /* Products */;
			projectDirPath = "";
			projectRoot = "";
			targets = (
				6B3675891EED9DDB0061BD73 /* Test_VariablePlaySpeed */,
			);
		};
/* End PBXProject section */

/* Begin PBXResourcesBuildPhase section */
		6B3675881EED9DDB0061BD73 /* Resources */ = {
			isa = PBXResourcesBuildPhase;
			buildActionMask = 2147483647;
			files = (
				6B36759B1EED9DDB0061BD73 /* LaunchScreen.storyboard in Resources */,
				6B3675981EED9DDB0061BD73 /* Assets.xcassets in Resources */,
				6B3675931EED9DDB0061BD73 /* Main.storyboard in Resources */,
			);
			runOnlyForDeploymentPostprocessing = 0;
		};
/* End PBXResourcesBuildPhase section */

/* Begin PBXShellScriptBuildPhase section */
		64D73D066B17BE94B537AA10 /* [CP] Copy Pods Resources */ = {
			isa = PBXShellScriptBuildPhase;
			buildActionMask = 2147483647;
			files = (
			);
			inputPaths = (
			);
			name = "[CP] Copy Pods Resources";
			outputPaths = (
			);
			runOnlyForDeploymentPostprocessing = 0;
			shellPath = /bin/sh;
			shellScript = "\"${SRCROOT}/Pods/Target Support Files/Pods-Test_VariablePlaySpeed/Pods-Test_VariablePlaySpeed-resources.sh\"\n";
			showEnvVarsInLog = 0;
		};
		C9F048C9D80EC69E7E62D9F1 /* [CP] Embed Pods Frameworks */ = {
			isa = PBXShellScriptBuildPhase;
			buildActionMask = 2147483647;
			files = (
			);
			inputPaths = (
			);
			name = "[CP] Embed Pods Frameworks";
			outputPaths = (
			);
			runOnlyForDeploymentPostprocessing = 0;
			shellPath = /bin/sh;
			shellScript = "\"${SRCROOT}/Pods/Target Support Files/Pods-Test_VariablePlaySpeed/Pods-Test_VariablePlaySpeed-frameworks.sh\"\n";
			showEnvVarsInLog = 0;
		};
		CD51D647D7A15506B017D6E3 /* [CP] Check Pods Manifest.lock */ = {
			isa = PBXShellScriptBuildPhase;
			buildActionMask = 2147483647;
			files = (
			);
			inputPaths = (
			);
			name = "[CP] Check Pods Manifest.lock";
			outputPaths = (
			);
			runOnlyForDeploymentPostprocessing = 0;
			shellPath = /bin/sh;
			shellScript = "diff \"${PODS_PODFILE_DIR_PATH}/Podfile.lock\" \"${PODS_ROOT}/Manifest.lock\" > /dev/null\nif [ $? != 0 ] ; then\n    # print error to STDERR\n    echo \"error: The sandbox is not in sync with the Podfile.lock. Run 'pod install' or update your CocoaPods installation.\" >&2\n    exit 1\nfi\n";
			showEnvVarsInLog = 0;
		};
/* End PBXShellScriptBuildPhase section */

/* Begin PBXSourcesBuildPhase section */
		6B3675861EED9DDB0061BD73 /* Sources */ = {
			isa = PBXSourcesBuildPhase;
			buildActionMask = 2147483647;
			files = (
				6B3675901EED9DDB0061BD73 /* ViewController.swift in Sources */,
				6B3675961EED9DDB0061BD73 /* Test_VariablePlaySpeed.xcdatamodeld in Sources */,
				6B36758E1EED9DDB0061BD73 /* AppDelegate.swift in Sources */,
			);
			runOnlyForDeploymentPostprocessing = 0;
		};
/* End PBXSourcesBuildPhase section */

/* Begin PBXVariantGroup section */
		6B3675911EED9DDB0061BD73 /* Main.storyboard */ = {
			isa = PBXVariantGroup;
			children = (
				6B3675921EED9DDB0061BD73 /* Base */,
			);
			name = Main.storyboard;
			sourceTree = "<group>";
		};
		6B3675991EED9DDB0061BD73 /* LaunchScreen.storyboard */ = {
			isa = PBXVariantGroup;
			children = (
				6B36759A1EED9DDB0061BD73 /* Base */,
			);
			name = LaunchScreen.storyboard;
			sourceTree = "<group>";
		};
/* End PBXVariantGroup section */

/* Begin XCBuildConfiguration section */
		6B36759D1EED9DDB0061BD73 /* Debug */ = {
			isa = XCBuildConfiguration;
			buildSettings = {
				ALWAYS_SEARCH_USER_PATHS = NO;
				CLANG_ANALYZER_NONNULL = YES;
				CLANG_ANALYZER_NUMBER_OBJECT_CONVERSION = YES_AGGRESSIVE;
				CLANG_CXX_LANGUAGE_STANDARD = "gnu++0x";
				CLANG_CXX_LIBRARY = "libc++";
				CLANG_ENABLE_MODULES = YES;
				CLANG_ENABLE_OBJC_ARC = YES;
				CLANG_WARN_BOOL_CONVERSION = YES;
				CLANG_WARN_CONSTANT_CONVERSION = YES;
				CLANG_WARN_DIRECT_OBJC_ISA_USAGE = YES_ERROR;
				CLANG_WARN_DOCUMENTATION_COMMENTS = YES;
				CLANG_WARN_EMPTY_BODY = YES;
				CLANG_WARN_ENUM_CONVERSION = YES;
				CLANG_WARN_INFINITE_RECURSION = YES;
				CLANG_WARN_INT_CONVERSION = YES;
				CLANG_WARN_OBJC_ROOT_CLASS = YES_ERROR;
				CLANG_WARN_SUSPICIOUS_MOVE = YES;
				CLANG_WARN_UNREACHABLE_CODE = YES;
				CLANG_WARN__DUPLICATE_METHOD_MATCH = YES;
				"CODE_SIGN_IDENTITY[sdk=iphoneos*]" = "iPhone Developer";
				COPY_PHASE_STRIP = NO;
				DEBUG_INFORMATION_FORMAT = dwarf;
				ENABLE_STRICT_OBJC_MSGSEND = YES;
				ENABLE_TESTABILITY = YES;
				GCC_C_LANGUAGE_STANDARD = gnu99;
				GCC_DYNAMIC_NO_PIC = NO;
				GCC_NO_COMMON_BLOCKS = YES;
				GCC_OPTIMIZATION_LEVEL = 0;
				GCC_PREPROCESSOR_DEFINITIONS = (
					"DEBUG=1",
					"$(inherited)",
				);
				GCC_WARN_64_TO_32_BIT_CONVERSION = YES;
				GCC_WARN_ABOUT_RETURN_TYPE = YES_ERROR;
				GCC_WARN_UNDECLARED_SELECTOR = YES;
				GCC_WARN_UNINITIALIZED_AUTOS = YES_AGGRESSIVE;
				GCC_WARN_UNUSED_FUNCTION = YES;
				GCC_WARN_UNUSED_VARIABLE = YES;
				IPHONEOS_DEPLOYMENT_TARGET = 10.3;
				MTL_ENABLE_DEBUG_INFO = YES;
				ONLY_ACTIVE_ARCH = YES;
				SDKROOT = iphoneos;
				SWIFT_ACTIVE_COMPILATION_CONDITIONS = DEBUG;
				SWIFT_OPTIMIZATION_LEVEL = "-Onone";
				TARGETED_DEVICE_FAMILY = "1,2";
			};
			name = Debug;
		};
		6B36759E1EED9DDB0061BD73 /* Release */ = {
			isa = XCBuildConfiguration;
			buildSettings = {
				ALWAYS_SEARCH_USER_PATHS = NO;
				CLANG_ANALYZER_NONNULL = YES;
				CLANG_ANALYZER_NUMBER_OBJECT_CONVERSION = YES_AGGRESSIVE;
				CLANG_CXX_LANGUAGE_STANDARD = "gnu++0x";
				CLANG_CXX_LIBRARY = "libc++";
				CLANG_ENABLE_MODULES = YES;
				CLANG_ENABLE_OBJC_ARC = YES;
				CLANG_WARN_BOOL_CONVERSION = YES;
				CLANG_WARN_CONSTANT_CONVERSION = YES;
				CLANG_WARN_DIRECT_OBJC_ISA_USAGE = YES_ERROR;
				CLANG_WARN_DOCUMENTATION_COMMENTS = YES;
				CLANG_WARN_EMPTY_BODY = YES;
				CLANG_WARN_ENUM_CONVERSION = YES;
				CLANG_WARN_INFINITE_RECURSION = YES;
				CLANG_WARN_INT_CONVERSION = YES;
				CLANG_WARN_OBJC_ROOT_CLASS = YES_ERROR;
				CLANG_WARN_SUSPICIOUS_MOVE = YES;
				CLANG_WARN_UNREACHABLE_CODE = YES;
				CLANG_WARN__DUPLICATE_METHOD_MATCH = YES;
				"CODE_SIGN_IDENTITY[sdk=iphoneos*]" = "iPhone Developer";
				COPY_PHASE_STRIP = NO;
				DEBUG_INFORMATION_FORMAT = "dwarf-with-dsym";
				ENABLE_NS_ASSERTIONS = NO;
				ENABLE_STRICT_OBJC_MSGSEND = YES;
				GCC_C_LANGUAGE_STANDARD = gnu99;
				GCC_NO_COMMON_BLOCKS = YES;
				GCC_WARN_64_TO_32_BIT_CONVERSION = YES;
				GCC_WARN_ABOUT_RETURN_TYPE = YES_ERROR;
				GCC_WARN_UNDECLARED_SELECTOR = YES;
				GCC_WARN_UNINITIALIZED_AUTOS = YES_AGGRESSIVE;
				GCC_WARN_UNUSED_FUNCTION = YES;
				GCC_WARN_UNUSED_VARIABLE = YES;
				IPHONEOS_DEPLOYMENT_TARGET = 10.3;
				MTL_ENABLE_DEBUG_INFO = NO;
				SDKROOT = iphoneos;
				SWIFT_OPTIMIZATION_LEVEL = "-Owholemodule";
				TARGETED_DEVICE_FAMILY = "1,2";
				VALIDATE_PRODUCT = YES;
			};
			name = Release;
		};
		6B3675A01EED9DDB0061BD73 /* Debug */ = {
			isa = XCBuildConfiguration;
			baseConfigurationReference = CB6548F319F7C2EA9760CBD4 /* Pods-Test_VariablePlaySpeed.debug.xcconfig */;
			buildSettings = {
				ASSETCATALOG_COMPILER_APPICON_NAME = AppIcon;
				DEVELOPMENT_TEAM = NE8AW735Y8;
				INFOPLIST_FILE = Test_VariablePlaySpeed/Info.plist;
				LD_RUNPATH_SEARCH_PATHS = "$(inherited) @executable_path/Frameworks";
				PRODUCT_BUNDLE_IDENTIFIER = "com.self.Test-VariablePlaySpeed";
				PRODUCT_NAME = "$(TARGET_NAME)";
				SWIFT_VERSION = 3.0;
			};
			name = Debug;
		};
		6B3675A11EED9DDB0061BD73 /* Release */ = {
			isa = XCBuildConfiguration;
			baseConfigurationReference = EF64D1632535DB5D1540EBDE /* Pods-Test_VariablePlaySpeed.release.xcconfig */;
			buildSettings = {
				ASSETCATALOG_COMPILER_APPICON_NAME = AppIcon;
				DEVELOPMENT_TEAM = NE8AW735Y8;
				INFOPLIST_FILE = Test_VariablePlaySpeed/Info.plist;
				LD_RUNPATH_SEARCH_PATHS = "$(inherited) @executable_path/Frameworks";
				PRODUCT_BUNDLE_IDENTIFIER = "com.self.Test-VariablePlaySpeed";
				PRODUCT_NAME = "$(TARGET_NAME)";
				SWIFT_VERSION = 3.0;
			};
			name = Release;
		};
/* End XCBuildConfiguration section */

/* Begin XCConfigurationList section */
		6B3675851EED9DDB0061BD73 /* Build configuration list for PBXProject "Test_VariablePlaySpeed" */ = {
			isa = XCConfigurationList;
			buildConfigurations = (
				6B36759D1EED9DDB0061BD73 /* Debug */,
				6B36759E1EED9DDB0061BD73 /* Release */,
			);
			defaultConfigurationIsVisible = 0;
			defaultConfigurationName = Release;
		};
		6B36759F1EED9DDB0061BD73 /* Build configuration list for PBXNativeTarget "Test_VariablePlaySpeed" */ = {
			isa = XCConfigurationList;
			buildConfigurations = (
				6B3675A01EED9DDB0061BD73 /* Debug */,
				6B3675A11EED9DDB0061BD73 /* Release */,
			);
			defaultConfigurationIsVisible = 0;
		};
/* End XCConfigurationList section */

/* Begin XCVersionGroup section */
		6B3675941EED9DDB0061BD73 /* Test_VariablePlaySpeed.xcdatamodeld */ = {
			isa = XCVersionGroup;
			children = (
				6B3675951EED9DDB0061BD73 /* Test_VariablePlaySpeed.xcdatamodel */,
			);
			currentVersion = 6B3675951EED9DDB0061BD73 /* Test_VariablePlaySpeed.xcdatamodel */;
			path = Test_VariablePlaySpeed.xcdatamodeld;
			sourceTree = "<group>";
			versionGroupType = wrapper.xcdatamodel;
		};
/* End XCVersionGroup section */
	};
	rootObject = 6B3675821EED9DDB0061BD73 /* Project object */;
}
