// !$*UTF8*$!
{
	archiveVersion = 1;
	classes = {
	};
	objectVersion = 46;
	objects = {

/* Begin PBXBuildFile section */
		42BE011E980C2E52006A51BF /* Pods_Music.framework in Frameworks */ = {isa = PBXBuildFile; fileRef = 99D0EC484A4BACA45BFE384B /* Pods_Music.framework */; };
		6B348C5E1EF328BA00C5674D /* Assets.xcassets in Resources */ = {isa = PBXBuildFile; fileRef = 6B348C5D1EF328BA00C5674D /* Assets.xcassets */; };
		6B348C621EF3298600C5674D /* GoogleService-Info.plist in Resources */ = {isa = PBXBuildFile; fileRef = 6B348C611EF3298600C5674D /* GoogleService-Info.plist */; };
/* End PBXBuildFile section */

/* Begin PBXFileReference section */
		25E01EDD23C6BE39324435BA /* Pods-Music.release.xcconfig */ = {isa = PBXFileReference; includeInIndex = 1; lastKnownFileType = text.xcconfig; name = "Pods-Music.release.xcconfig"; path = "Pods/Target Support Files/Pods-Music/Pods-Music.release.xcconfig"; sourceTree = "<group>"; };
		6B299F721EEA5720006153F7 /* AppNavigationController.swift */ = {isa = PBXFileReference; fileEncoding = 4; lastKnownFileType = sourcecode.swift; name = AppNavigationController.swift; path = Music/AppNavigationController.swift; sourceTree = "<group>"; };
		6B299F741EEA575D006153F7 /* ButtonLayout.swift */ = {isa = PBXFileReference; fileEncoding = 4; lastKnownFileType = sourcecode.swift; name = ButtonLayout.swift; path = /Users/krishna/Desktop/Tasks/Music/Music/ButtonLayout.swift; sourceTree = "<absolute>"; };
		6B299F751EEA575D006153F7 /* UIColor.swift */ = {isa = PBXFileReference; fileEncoding = 4; lastKnownFileType = sourcecode.swift; name = UIColor.swift; path = /Users/krishna/Desktop/Tasks/Music/Music/UIColor.swift; sourceTree = "<absolute>"; };
		6B299F7C1EEB6336006153F7 /* Playlist.swift */ = {isa = PBXFileReference; fileEncoding = 4; lastKnownFileType = sourcecode.swift; name = Playlist.swift; path = /Users/krishna/Desktop/Tasks/Music/Music/Playlist.swift; sourceTree = "<absolute>"; };
		6B299F7E1EEB637E006153F7 /* Song.swift */ = {isa = PBXFileReference; fileEncoding = 4; lastKnownFileType = sourcecode.swift; name = Song.swift; path = /Users/krishna/Desktop/Tasks/Music/Music/Song.swift; sourceTree = "<absolute>"; };
		6B299F821EEC4A0C006153F7 /* PlaylistCell.swift */ = {isa = PBXFileReference; fileEncoding = 4; lastKnownFileType = sourcecode.swift; name = PlaylistCell.swift; path = Music/PlaylistCell.swift; sourceTree = "<group>"; };
		6B299F841EEC7F67006153F7 /* playListTableView.swift */ = {isa = PBXFileReference; fileEncoding = 4; lastKnownFileType = sourcecode.swift; name = playListTableView.swift; path = Music/playListTableView.swift; sourceTree = "<group>"; };
		6B299F861EEC84A1006153F7 /* SongsViewController.swift */ = {isa = PBXFileReference; fileEncoding = 4; lastKnownFileType = sourcecode.swift; name = SongsViewController.swift; path = Music/SongsViewController.swift; sourceTree = "<group>"; };
		6B348C5A1EF316D900C5674D /* Music.entitlements */ = {isa = PBXFileReference; fileEncoding = 4; lastKnownFileType = text.plist.entitlements; name = Music.entitlements; path = /Users/krishna/Desktop/Music/Music/Music/Music.entitlements; sourceTree = "<absolute>"; };
		6B348C5D1EF328BA00C5674D /* Assets.xcassets */ = {isa = PBXFileReference; lastKnownFileType = folder.assetcatalog; name = Assets.xcassets; path = Music/Assets.xcassets; sourceTree = SOURCE_ROOT; };
		6B348C5F1EF3297400C5674D /* Info.plist */ = {isa = PBXFileReference; fileEncoding = 4; lastKnownFileType = text.plist.xml; name = Info.plist; path = Music/Info.plist; sourceTree = SOURCE_ROOT; };
		6B348C611EF3298600C5674D /* GoogleService-Info.plist */ = {isa = PBXFileReference; fileEncoding = 4; lastKnownFileType = text.plist.xml; name = "GoogleService-Info.plist"; path = "Music/GoogleService-Info.plist"; sourceTree = SOURCE_ROOT; };
		6B67699A1EE9B4910075F136 /* Music.app */ = {isa = PBXFileReference; explicitFileType = wrapper.application; includeInIndex = 0; path = Music.app; sourceTree = BUILT_PRODUCTS_DIR; };
		6B67699D1EE9B4910075F136 /* AppDelegate.swift */ = {isa = PBXFileReference; lastKnownFileType = sourcecode.swift; name = AppDelegate.swift; path = Music/AppDelegate.swift; sourceTree = "<group>"; };
		6B67699F1EE9B4910075F136 /* ViewController.swift */ = {isa = PBXFileReference; lastKnownFileType = sourcecode.swift; name = ViewController.swift; path = Music/ViewController.swift; sourceTree = "<group>"; };
		6B6769AA1EE9B4910075F136 /* Base */ = {isa = PBXFileReference; lastKnownFileType = file.storyboard; name = Base; path = Base.lproj/LaunchScreen.storyboard; sourceTree = "<group>"; };
		6BCC7CCF1EEEFA1F004CFE0F /* OnboardingViewController.swift */ = {isa = PBXFileReference; fileEncoding = 4; lastKnownFileType = sourcecode.swift; name = OnboardingViewController.swift; path = Music/OnboardingViewController.swift; sourceTree = "<group>"; };
		6BCC7CD31EEF5F2D004CFE0F /* User.swift */ = {isa = PBXFileReference; fileEncoding = 4; lastKnownFileType = sourcecode.swift; name = User.swift; path = /Users/krishna/Desktop/Tasks/Music/Music/User.swift; sourceTree = "<absolute>"; };
		99D0EC484A4BACA45BFE384B /* Pods_Music.framework */ = {isa = PBXFileReference; explicitFileType = wrapper.framework; includeInIndex = 0; path = Pods_Music.framework; sourceTree = BUILT_PRODUCTS_DIR; };
		BBBF8C433973833926365FE5 /* Pods-Music.debug.xcconfig */ = {isa = PBXFileReference; includeInIndex = 1; lastKnownFileType = text.xcconfig; name = "Pods-Music.debug.xcconfig"; path = "Pods/Target Support Files/Pods-Music/Pods-Music.debug.xcconfig"; sourceTree = "<group>"; };
/* End PBXFileReference section */

/* Begin PBXFrameworksBuildPhase section */
		6B6769971EE9B4910075F136 /* Frameworks */ = {
			isa = PBXFrameworksBuildPhase;
			buildActionMask = 2147483647;
			files = (
				42BE011E980C2E52006A51BF /* Pods_Music.framework in Frameworks */,
			);
			runOnlyForDeploymentPostprocessing = 0;
		};
/* End PBXFrameworksBuildPhase section */

/* Begin PBXGroup section */
		6B299F8A1EECAF96006153F7 /* Model */ = {
			isa = PBXGroup;
			children = (
				6B299F7C1EEB6336006153F7 /* Playlist.swift */,
				6BCC7CD31EEF5F2D004CFE0F /* User.swift */,
				6B299F7E1EEB637E006153F7 /* Song.swift */,
			);
			name = Model;
			sourceTree = "<group>";
		};
		6B299F8B1EECAFAC006153F7 /* Controllers */ = {
			isa = PBXGroup;
			children = (
				6B299F721EEA5720006153F7 /* AppNavigationController.swift */,
				6B67699F1EE9B4910075F136 /* ViewController.swift */,
				6B299F861EEC84A1006153F7 /* SongsViewController.swift */,
				6BCC7CCF1EEEFA1F004CFE0F /* OnboardingViewController.swift */,
			);
			name = Controllers;
			sourceTree = "<group>";
		};
		6B299F8C1EECAFB9006153F7 /* Views */ = {
			isa = PBXGroup;
			children = (
				6B299F841EEC7F67006153F7 /* playListTableView.swift */,
				6B299F821EEC4A0C006153F7 /* PlaylistCell.swift */,
			);
			name = Views;
			sourceTree = "<group>";
		};
		6B299F8D1EECAFCC006153F7 /* Extensions */ = {
			isa = PBXGroup;
			children = (
				6B299F741EEA575D006153F7 /* ButtonLayout.swift */,
				6B299F751EEA575D006153F7 /* UIColor.swift */,
			);
			name = Extensions;
			sourceTree = "<group>";
		};
		6B6769911EE9B4900075F136 = {
			isa = PBXGroup;
			children = (
				6B67699C1EE9B4910075F136 /* Music */,
				6B67699B1EE9B4910075F136 /* Products */,
				9FAD0BACAE4C471ABE67E866 /* Pods */,
				BFCD480D2CBE3B42A83B9918 /* Frameworks */,
			);
			sourceTree = "<group>";
		};
		6B67699B1EE9B4910075F136 /* Products */ = {
			isa = PBXGroup;
			children = (
				6B67699A1EE9B4910075F136 /* Music.app */,
			);
			name = Products;
			sourceTree = "<group>";
		};
		6B67699C1EE9B4910075F136 /* Music */ = {
			isa = PBXGroup;
			children = (
				6B348C5A1EF316D900C5674D /* Music.entitlements */,
				6B67699D1EE9B4910075F136 /* AppDelegate.swift */,
				6B299F8B1EECAFAC006153F7 /* Controllers */,
				6B299F8C1EECAFB9006153F7 /* Views */,
				6B299F8A1EECAF96006153F7 /* Model */,
				6B299F8D1EECAFCC006153F7 /* Extensions */,
				6B348C5D1EF328BA00C5674D /* Assets.xcassets */,
				6B6769A91EE9B4910075F136 /* LaunchScreen.storyboard */,
				6B348C5F1EF3297400C5674D /* Info.plist */,
				6B348C611EF3298600C5674D /* GoogleService-Info.plist */,
				6B3EFE821EF33F0100AA7DAE /* Music.xcdatamodeld */,
			);
			name = Music;
			path = /Users/krishna/Desktop/Tasks/Test_Music/Test_Music/Test_Music;
			sourceTree = "<absolute>";
		};
		9FAD0BACAE4C471ABE67E866 /* Pods */ = {
			isa = PBXGroup;
			children = (
				BBBF8C433973833926365FE5 /* Pods-Music.debug.xcconfig */,
				25E01EDD23C6BE39324435BA /* Pods-Music.release.xcconfig */,
			);
			name = Pods;
			sourceTree = "<group>";
		};
		BFCD480D2CBE3B42A83B9918 /* Frameworks */ = {
			isa = PBXGroup;
			children = (
				99D0EC484A4BACA45BFE384B /* Pods_Music.framework */,
			);
			name = Frameworks;
			sourceTree = "<group>";
		};
/* End PBXGroup section */

/* Begin PBXNativeTarget section */
		6B6769991EE9B4910075F136 /* Music */ = {
			isa = PBXNativeTarget;
			buildConfigurationList = 6B6769AF1EE9B4910075F136 /* Build configuration list for PBXNativeTarget "Music" */;
			buildPhases = (
				ECE64B15F0B29B5680FF87DC /* [CP] Check Pods Manifest.lock */,
				6B6769961EE9B4910075F136 /* Sources */,
				6B6769971EE9B4910075F136 /* Frameworks */,
				6B6769981EE9B4910075F136 /* Resources */,
				83885CD6B3CA3513E643B116 /* [CP] Embed Pods Frameworks */,
				D19E48FDDF42435AA6EF8CE7 /* [CP] Copy Pods Resources */,
			);
			buildRules = (
			);
			dependencies = (
			);
			name = Music;
			productName = Test_Music;
			productReference = 6B67699A1EE9B4910075F136 /* Music.app */;
			productType = "com.apple.product-type.application";
		};
/* End PBXNativeTarget section */

/* Begin PBXProject section */
		6B6769921EE9B4900075F136 /* Project object */ = {
			isa = PBXProject;
			attributes = {
				LastSwiftUpdateCheck = 0830;
				LastUpgradeCheck = 0830;
				ORGANIZATIONNAME = "Sai Krishna Dubagunta";
				TargetAttributes = {
					6B6769991EE9B4910075F136 = {
						CreatedOnToolsVersion = 8.3.3;
						DevelopmentTeam = NE8AW735Y8;
						ProvisioningStyle = Automatic;
						SystemCapabilities = {
							com.apple.Push = {
								enabled = 1;
							};
						};
					};
				};
			};
			buildConfigurationList = 6B6769951EE9B4900075F136 /* Build configuration list for PBXProject "Music" */;
			compatibilityVersion = "Xcode 3.2";
			developmentRegion = English;
			hasScannedForEncodings = 0;
			knownRegions = (
				en,
				Base,
			);
			mainGroup = 6B6769911EE9B4900075F136;
			productRefGroup = 6B67699B1EE9B4910075F136 /* Products */;
			projectDirPath = "";
			projectRoot = "";
			targets = (
				6B6769991EE9B4910075F136 /* Music */,
			);
		};
/* End PBXProject section */

/* Begin PBXResourcesBuildPhase section */
		6B6769981EE9B4910075F136 /* Resources */ = {
			isa = PBXResourcesBuildPhase;
			buildActionMask = 2147483647;
			files = (
				6B348C621EF3298600C5674D /* GoogleService-Info.plist in Resources */,
				6B348C5E1EF328BA00C5674D /* Assets.xcassets in Resources */,
			);
			runOnlyForDeploymentPostprocessing = 0;
		};
/* End PBXResourcesBuildPhase section */

/* Begin PBXShellScriptBuildPhase section */
		83885CD6B3CA3513E643B116 /* [CP] Embed Pods Frameworks */ = {
			isa = PBXShellScriptBuildPhase;
			buildActionMask = 2147483647;
			files = (
			);
			inputPaths = (
			);
			name = "[CP] Embed Pods Frameworks";
			outputPaths = (
			);
			runOnlyForDeploymentPostprocessing = 0;
			shellPath = /bin/sh;
			shellScript = "\"${SRCROOT}/Pods/Target Support Files/Pods-Music/Pods-Music-frameworks.sh\"\n";
			showEnvVarsInLog = 0;
		};
		D19E48FDDF42435AA6EF8CE7 /* [CP] Copy Pods Resources */ = {
			isa = PBXShellScriptBuildPhase;
			buildActionMask = 2147483647;
			files = (
			);
			inputPaths = (
			);
			name = "[CP] Copy Pods Resources";
			outputPaths = (
			);
			runOnlyForDeploymentPostprocessing = 0;
			shellPath = /bin/sh;
			shellScript = "\"${SRCROOT}/Pods/Target Support Files/Pods-Music/Pods-Music-resources.sh\"\n";
			showEnvVarsInLog = 0;
		};
		ECE64B15F0B29B5680FF87DC /* [CP] Check Pods Manifest.lock */ = {
			isa = PBXShellScriptBuildPhase;
			buildActionMask = 2147483647;
			files = (
			);
			inputPaths = (
			);
			name = "[CP] Check Pods Manifest.lock";
			outputPaths = (
			);
			runOnlyForDeploymentPostprocessing = 0;
			shellPath = /bin/sh;
			shellScript = "diff \"${PODS_PODFILE_DIR_PATH}/Podfile.lock\" \"${PODS_ROOT}/Manifest.lock\" > /dev/null\nif [ $? != 0 ] ; then\n    # print error to STDERR\n    echo \"error: The sandbox is not in sync with the Podfile.lock. Run 'pod install' or update your CocoaPods installation.\" >&2\n    exit 1\nfi\n";
			showEnvVarsInLog = 0;
		};
/* End PBXShellScriptBuildPhase section */

/* Begin PBXSourcesBuildPhase section */
		6B6769961EE9B4910075F136 /* Sources */ = {
			isa = PBXSourcesBuildPhase;
			buildActionMask = 2147483647;
			files = (
			);
			runOnlyForDeploymentPostprocessing = 0;
		};
/* End PBXSourcesBuildPhase section */

/* Begin PBXVariantGroup section */
		6B6769A91EE9B4910075F136 /* LaunchScreen.storyboard */ = {
			isa = PBXVariantGroup;
			children = (
				6B6769AA1EE9B4910075F136 /* Base */,
			);
			name = LaunchScreen.storyboard;
			sourceTree = "<group>";
		};
/* End PBXVariantGroup section */

/* Begin XCBuildConfiguration section */
		6B6769AD1EE9B4910075F136 /* Debug */ = {
			isa = XCBuildConfiguration;
			buildSettings = {
				ALWAYS_SEARCH_USER_PATHS = YES;
				CLANG_ANALYZER_NONNULL = YES;
				CLANG_ANALYZER_NUMBER_OBJECT_CONVERSION = YES_AGGRESSIVE;
				CLANG_CXX_LANGUAGE_STANDARD = "gnu++0x";
				CLANG_CXX_LIBRARY = "libc++";
				CLANG_ENABLE_MODULES = YES;
				CLANG_ENABLE_OBJC_ARC = YES;
				CLANG_WARN_BOOL_CONVERSION = YES;
				CLANG_WARN_CONSTANT_CONVERSION = YES;
				CLANG_WARN_DIRECT_OBJC_ISA_USAGE = YES_ERROR;
				CLANG_WARN_DOCUMENTATION_COMMENTS = YES;
				CLANG_WARN_EMPTY_BODY = YES;
				CLANG_WARN_ENUM_CONVERSION = YES;
				CLANG_WARN_INFINITE_RECURSION = YES;
				CLANG_WARN_INT_CONVERSION = YES;
				CLANG_WARN_OBJC_ROOT_CLASS = YES_ERROR;
				CLANG_WARN_SUSPICIOUS_MOVE = YES;
				CLANG_WARN_UNREACHABLE_CODE = YES;
				CLANG_WARN__DUPLICATE_METHOD_MATCH = YES;
				"CODE_SIGN_IDENTITY[sdk=iphoneos*]" = "iPhone Developer";
				COPY_PHASE_STRIP = NO;
				DEBUG_INFORMATION_FORMAT = dwarf;
				ENABLE_STRICT_OBJC_MSGSEND = YES;
				ENABLE_TESTABILITY = YES;
				GCC_C_LANGUAGE_STANDARD = gnu99;
				GCC_DYNAMIC_NO_PIC = NO;
				GCC_NO_COMMON_BLOCKS = YES;
				GCC_OPTIMIZATION_LEVEL = 0;
				GCC_PREPROCESSOR_DEFINITIONS = (
					"DEBUG=1",
					"$(inherited)",
				);
				GCC_WARN_64_TO_32_BIT_CONVERSION = YES;
				GCC_WARN_ABOUT_RETURN_TYPE = YES_ERROR;
				GCC_WARN_UNDECLARED_SELECTOR = YES;
				GCC_WARN_UNINITIALIZED_AUTOS = YES_AGGRESSIVE;
				GCC_WARN_UNUSED_FUNCTION = YES;
				GCC_WARN_UNUSED_VARIABLE = YES;
				IPHONEOS_DEPLOYMENT_TARGET = 10.3;
				MTL_ENABLE_DEBUG_INFO = YES;
				ONLY_ACTIVE_ARCH = YES;
				SDKROOT = iphoneos;
				SWIFT_ACTIVE_COMPILATION_CONDITIONS = DEBUG;
				SWIFT_OPTIMIZATION_LEVEL = "-Onone";
				TARGETED_DEVICE_FAMILY = "1,2";
			};
			name = Debug;
		};
		6B6769AE1EE9B4910075F136 /* Release */ = {
			isa = XCBuildConfiguration;
			buildSettings = {
				ALWAYS_SEARCH_USER_PATHS = YES;
				CLANG_ANALYZER_NONNULL = YES;
				CLANG_ANALYZER_NUMBER_OBJECT_CONVERSION = YES_AGGRESSIVE;
				CLANG_CXX_LANGUAGE_STANDARD = "gnu++0x";
				CLANG_CXX_LIBRARY = "libc++";
				CLANG_ENABLE_MODULES = YES;
				CLANG_ENABLE_OBJC_ARC = YES;
				CLANG_WARN_BOOL_CONVERSION = YES;
				CLANG_WARN_CONSTANT_CONVERSION = YES;
				CLANG_WARN_DIRECT_OBJC_ISA_USAGE = YES_ERROR;
				CLANG_WARN_DOCUMENTATION_COMMENTS = YES;
				CLANG_WARN_EMPTY_BODY = YES;
				CLANG_WARN_ENUM_CONVERSION = YES;
				CLANG_WARN_INFINITE_RECURSION = YES;
				CLANG_WARN_INT_CONVERSION = YES;
				CLANG_WARN_OBJC_ROOT_CLASS = YES_ERROR;
				CLANG_WARN_SUSPICIOUS_MOVE = YES;
				CLANG_WARN_UNREACHABLE_CODE = YES;
				CLANG_WARN__DUPLICATE_METHOD_MATCH = YES;
				"CODE_SIGN_IDENTITY[sdk=iphoneos*]" = "iPhone Developer";
				COPY_PHASE_STRIP = NO;
				DEBUG_INFORMATION_FORMAT = "dwarf-with-dsym";
				ENABLE_NS_ASSERTIONS = NO;
				ENABLE_STRICT_OBJC_MSGSEND = YES;
				GCC_C_LANGUAGE_STANDARD = gnu99;
				GCC_NO_COMMON_BLOCKS = YES;
				GCC_WARN_64_TO_32_BIT_CONVERSION = YES;
				GCC_WARN_ABOUT_RETURN_TYPE = YES_ERROR;
				GCC_WARN_UNDECLARED_SELECTOR = YES;
				GCC_WARN_UNINITIALIZED_AUTOS = YES_AGGRESSIVE;
				GCC_WARN_UNUSED_FUNCTION = YES;
				GCC_WARN_UNUSED_VARIABLE = YES;
				IPHONEOS_DEPLOYMENT_TARGET = 10.3;
				MTL_ENABLE_DEBUG_INFO = NO;
				SDKROOT = iphoneos;
				SWIFT_OPTIMIZATION_LEVEL = "-Owholemodule";
				TARGETED_DEVICE_FAMILY = "1,2";
				VALIDATE_PRODUCT = YES;
			};
			name = Release;
		};
		6B6769B01EE9B4910075F136 /* Debug */ = {
			isa = XCBuildConfiguration;
			baseConfigurationReference = BBBF8C433973833926365FE5 /* Pods-Music.debug.xcconfig */;
			buildSettings = {
				ASSETCATALOG_COMPILER_APPICON_NAME = AppIcon;
				CODE_SIGN_ENTITLEMENTS = Music/Music.entitlements;
				DEVELOPMENT_TEAM = NE8AW735Y8;
				INFOPLIST_FILE = "$(SRCROOT)/Music/Info.plist";
				LD_RUNPATH_SEARCH_PATHS = "$(inherited) @executable_path/Frameworks";
				PRODUCT_BUNDLE_IDENTIFIER = SaiKrishna.Music;
				PRODUCT_NAME = "$(TARGET_NAME)";
				SWIFT_VERSION = 3.0;
			};
			name = Debug;
		};
		6B6769B11EE9B4910075F136 /* Release */ = {
			isa = XCBuildConfiguration;
			baseConfigurationReference = 25E01EDD23C6BE39324435BA /* Pods-Music.release.xcconfig */;
			buildSettings = {
				ASSETCATALOG_COMPILER_APPICON_NAME = AppIcon;
				CODE_SIGN_ENTITLEMENTS = Music/Music.entitlements;
				DEVELOPMENT_TEAM = NE8AW735Y8;
				INFOPLIST_FILE = "$(SRCROOT)/Music/Info.plist";
				LD_RUNPATH_SEARCH_PATHS = "$(inherited) @executable_path/Frameworks";
				PRODUCT_BUNDLE_IDENTIFIER = SaiKrishna.Music;
				PRODUCT_NAME = "$(TARGET_NAME)";
				SWIFT_VERSION = 3.0;
			};
			name = Release;
		};
/* End XCBuildConfiguration section */

/* Begin XCConfigurationList section */
		6B6769951EE9B4900075F136 /* Build configuration list for PBXProject "Music" */ = {
			isa = XCConfigurationList;
			buildConfigurations = (
				6B6769AD1EE9B4910075F136 /* Debug */,
				6B6769AE1EE9B4910075F136 /* Release */,
			);
			defaultConfigurationIsVisible = 0;
			defaultConfigurationName = Release;
		};
		6B6769AF1EE9B4910075F136 /* Build configuration list for PBXNativeTarget "Music" */ = {
			isa = XCConfigurationList;
			buildConfigurations = (
				6B6769B01EE9B4910075F136 /* Debug */,
				6B6769B11EE9B4910075F136 /* Release */,
			);
			defaultConfigurationIsVisible = 0;
			defaultConfigurationName = Release;
		};
/* End XCConfigurationList section */

/* Begin XCVersionGroup section */
		6B3EFE821EF33F0100AA7DAE /* Music.xcdatamodeld */ = {
			isa = XCVersionGroup;
			children = (
			);
			name = Music.xcdatamodeld;
			path = ../../../Music/Music/Music.xcdatamodeld;
			sourceTree = "<group>";
			versionGroupType = wrapper.xcdatamodel;
		};
/* End XCVersionGroup section */
	};
	rootObject = 6B6769921EE9B4900075F136 /* Project object */;
}
