// !$*UTF8*$!
{
	archiveVersion = 1;
	classes = {
	};
	objectVersion = 46;
	objects = {

/* Begin PBXBuildFile section */
		370B98761D73134DADB8F6A5 /* Pods_Test_Music.framework in Frameworks */ = {isa = PBXBuildFile; fileRef = 5D50D17A6D8E03090DD5ADC4 /* Pods_Test_Music.framework */; };
		6B299F731EEA5720006153F7 /* AppNavigationController.swift in Sources */ = {isa = PBXBuildFile; fileRef = 6B299F721EEA5720006153F7 /* AppNavigationController.swift */; };
		6B299F761EEA575D006153F7 /* ButtonLayout.swift in Sources */ = {isa = PBXBuildFile; fileRef = 6B299F741EEA575D006153F7 /* ButtonLayout.swift */; };
		6B299F771EEA575D006153F7 /* UIColor.swift in Sources */ = {isa = PBXBuildFile; fileRef = 6B299F751EEA575D006153F7 /* UIColor.swift */; };
		6B299F7D1EEB6336006153F7 /* Playlist.swift in Sources */ = {isa = PBXBuildFile; fileRef = 6B299F7C1EEB6336006153F7 /* Playlist.swift */; };
		6B299F7F1EEB637E006153F7 /* Song.swift in Sources */ = {isa = PBXBuildFile; fileRef = 6B299F7E1EEB637E006153F7 /* Song.swift */; };
		6B299F811EEB9AE5006153F7 /* alertView.swift in Sources */ = {isa = PBXBuildFile; fileRef = 6B299F801EEB9AE5006153F7 /* alertView.swift */; };
		6B299F831EEC4A0C006153F7 /* PlaylistCell.swift in Sources */ = {isa = PBXBuildFile; fileRef = 6B299F821EEC4A0C006153F7 /* PlaylistCell.swift */; };
		6B299F851EEC7F67006153F7 /* playListTableView.swift in Sources */ = {isa = PBXBuildFile; fileRef = 6B299F841EEC7F67006153F7 /* playListTableView.swift */; };
		6B299F871EEC84A1006153F7 /* SongsViewController.swift in Sources */ = {isa = PBXBuildFile; fileRef = 6B299F861EEC84A1006153F7 /* SongsViewController.swift */; };
		6B299F891EEC9151006153F7 /* artworkCell.swift in Sources */ = {isa = PBXBuildFile; fileRef = 6B299F881EEC9151006153F7 /* artworkCell.swift */; };
		6B67699E1EE9B4910075F136 /* AppDelegate.swift in Sources */ = {isa = PBXBuildFile; fileRef = 6B67699D1EE9B4910075F136 /* AppDelegate.swift */; };
		6B6769A01EE9B4910075F136 /* ViewController.swift in Sources */ = {isa = PBXBuildFile; fileRef = 6B67699F1EE9B4910075F136 /* ViewController.swift */; };
		6B6769A61EE9B4910075F136 /* Test_Music.xcdatamodeld in Sources */ = {isa = PBXBuildFile; fileRef = 6B6769A41EE9B4910075F136 /* Test_Music.xcdatamodeld */; };
		6B6769A81EE9B4910075F136 /* Assets.xcassets in Resources */ = {isa = PBXBuildFile; fileRef = 6B6769A71EE9B4910075F136 /* Assets.xcassets */; };
		6B6769AB1EE9B4910075F136 /* LaunchScreen.storyboard in Resources */ = {isa = PBXBuildFile; fileRef = 6B6769A91EE9B4910075F136 /* LaunchScreen.storyboard */; };
/* End PBXBuildFile section */

/* Begin PBXFileReference section */
		5D50D17A6D8E03090DD5ADC4 /* Pods_Test_Music.framework */ = {isa = PBXFileReference; explicitFileType = wrapper.framework; includeInIndex = 0; path = Pods_Test_Music.framework; sourceTree = BUILT_PRODUCTS_DIR; };
		6B299F721EEA5720006153F7 /* AppNavigationController.swift */ = {isa = PBXFileReference; fileEncoding = 4; lastKnownFileType = sourcecode.swift; path = AppNavigationController.swift; sourceTree = "<group>"; };
		6B299F741EEA575D006153F7 /* ButtonLayout.swift */ = {isa = PBXFileReference; fileEncoding = 4; lastKnownFileType = sourcecode.swift; path = ButtonLayout.swift; sourceTree = "<group>"; };
		6B299F751EEA575D006153F7 /* UIColor.swift */ = {isa = PBXFileReference; fileEncoding = 4; lastKnownFileType = sourcecode.swift; path = UIColor.swift; sourceTree = "<group>"; };
		6B299F7C1EEB6336006153F7 /* Playlist.swift */ = {isa = PBXFileReference; fileEncoding = 4; lastKnownFileType = sourcecode.swift; path = Playlist.swift; sourceTree = "<group>"; };
		6B299F7E1EEB637E006153F7 /* Song.swift */ = {isa = PBXFileReference; fileEncoding = 4; lastKnownFileType = sourcecode.swift; path = Song.swift; sourceTree = "<group>"; };
		6B299F801EEB9AE5006153F7 /* alertView.swift */ = {isa = PBXFileReference; fileEncoding = 4; lastKnownFileType = sourcecode.swift; path = alertView.swift; sourceTree = "<group>"; };
		6B299F821EEC4A0C006153F7 /* PlaylistCell.swift */ = {isa = PBXFileReference; fileEncoding = 4; lastKnownFileType = sourcecode.swift; path = PlaylistCell.swift; sourceTree = "<group>"; };
		6B299F841EEC7F67006153F7 /* playListTableView.swift */ = {isa = PBXFileReference; fileEncoding = 4; lastKnownFileType = sourcecode.swift; path = playListTableView.swift; sourceTree = "<group>"; };
		6B299F861EEC84A1006153F7 /* SongsViewController.swift */ = {isa = PBXFileReference; fileEncoding = 4; lastKnownFileType = sourcecode.swift; path = SongsViewController.swift; sourceTree = "<group>"; };
		6B299F881EEC9151006153F7 /* artworkCell.swift */ = {isa = PBXFileReference; fileEncoding = 4; lastKnownFileType = sourcecode.swift; path = artworkCell.swift; sourceTree = "<group>"; };
		6B67699A1EE9B4910075F136 /* Test_Music.app */ = {isa = PBXFileReference; explicitFileType = wrapper.application; includeInIndex = 0; path = Test_Music.app; sourceTree = BUILT_PRODUCTS_DIR; };
		6B67699D1EE9B4910075F136 /* AppDelegate.swift */ = {isa = PBXFileReference; lastKnownFileType = sourcecode.swift; path = AppDelegate.swift; sourceTree = "<group>"; };
		6B67699F1EE9B4910075F136 /* ViewController.swift */ = {isa = PBXFileReference; lastKnownFileType = sourcecode.swift; path = ViewController.swift; sourceTree = "<group>"; };
		6B6769A51EE9B4910075F136 /* Test_Music.xcdatamodel */ = {isa = PBXFileReference; lastKnownFileType = wrapper.xcdatamodel; path = Test_Music.xcdatamodel; sourceTree = "<group>"; };
		6B6769A71EE9B4910075F136 /* Assets.xcassets */ = {isa = PBXFileReference; lastKnownFileType = folder.assetcatalog; path = Assets.xcassets; sourceTree = "<group>"; };
		6B6769AA1EE9B4910075F136 /* Base */ = {isa = PBXFileReference; lastKnownFileType = file.storyboard; name = Base; path = Base.lproj/LaunchScreen.storyboard; sourceTree = "<group>"; };
		6B6769AC1EE9B4910075F136 /* Info.plist */ = {isa = PBXFileReference; lastKnownFileType = text.plist.xml; path = Info.plist; sourceTree = "<group>"; };
		BF2D1DFF9207298B2463DFE7 /* Pods-Test_Music.debug.xcconfig */ = {isa = PBXFileReference; includeInIndex = 1; lastKnownFileType = text.xcconfig; name = "Pods-Test_Music.debug.xcconfig"; path = "Pods/Target Support Files/Pods-Test_Music/Pods-Test_Music.debug.xcconfig"; sourceTree = "<group>"; };
		C50AB6240882EDD5C670B0E5 /* Pods-Test_Music.release.xcconfig */ = {isa = PBXFileReference; includeInIndex = 1; lastKnownFileType = text.xcconfig; name = "Pods-Test_Music.release.xcconfig"; path = "Pods/Target Support Files/Pods-Test_Music/Pods-Test_Music.release.xcconfig"; sourceTree = "<group>"; };
/* End PBXFileReference section */

/* Begin PBXFrameworksBuildPhase section */
		6B6769971EE9B4910075F136 /* Frameworks */ = {
			isa = PBXFrameworksBuildPhase;
			buildActionMask = 2147483647;
			files = (
				370B98761D73134DADB8F6A5 /* Pods_Test_Music.framework in Frameworks */,
			);
			runOnlyForDeploymentPostprocessing = 0;
		};
/* End PBXFrameworksBuildPhase section */

/* Begin PBXGroup section */
		6B6769911EE9B4900075F136 = {
			isa = PBXGroup;
			children = (
				6B67699C1EE9B4910075F136 /* Test_Music */,
				6B67699B1EE9B4910075F136 /* Products */,
				FB72888CD9EDC1E161096F7A /* Pods */,
				EFB1F750EDB72A4D783F4534 /* Frameworks */,
			);
			sourceTree = "<group>";
		};
		6B67699B1EE9B4910075F136 /* Products */ = {
			isa = PBXGroup;
			children = (
				6B67699A1EE9B4910075F136 /* Test_Music.app */,
			);
			name = Products;
			sourceTree = "<group>";
		};
		6B67699C1EE9B4910075F136 /* Test_Music */ = {
			isa = PBXGroup;
			children = (
				6B67699D1EE9B4910075F136 /* AppDelegate.swift */,
				6B67699F1EE9B4910075F136 /* ViewController.swift */,
				6B299F841EEC7F67006153F7 /* playListTableView.swift */,
				6B299F861EEC84A1006153F7 /* SongsViewController.swift */,
				6B299F881EEC9151006153F7 /* artworkCell.swift */,
				6B299F821EEC4A0C006153F7 /* PlaylistCell.swift */,
				6B299F801EEB9AE5006153F7 /* alertView.swift */,
				6B299F7C1EEB6336006153F7 /* Playlist.swift */,
				6B299F7E1EEB637E006153F7 /* Song.swift */,
				6B299F741EEA575D006153F7 /* ButtonLayout.swift */,
				6B299F751EEA575D006153F7 /* UIColor.swift */,
				6B6769A71EE9B4910075F136 /* Assets.xcassets */,
				6B6769A91EE9B4910075F136 /* LaunchScreen.storyboard */,
				6B6769AC1EE9B4910075F136 /* Info.plist */,
				6B6769A41EE9B4910075F136 /* Test_Music.xcdatamodeld */,
				6B299F721EEA5720006153F7 /* AppNavigationController.swift */,
			);
			path = Test_Music;
			sourceTree = "<group>";
		};
		EFB1F750EDB72A4D783F4534 /* Frameworks */ = {
			isa = PBXGroup;
			children = (
				5D50D17A6D8E03090DD5ADC4 /* Pods_Test_Music.framework */,
			);
			name = Frameworks;
			sourceTree = "<group>";
		};
		FB72888CD9EDC1E161096F7A /* Pods */ = {
			isa = PBXGroup;
			children = (
				BF2D1DFF9207298B2463DFE7 /* Pods-Test_Music.debug.xcconfig */,
				C50AB6240882EDD5C670B0E5 /* Pods-Test_Music.release.xcconfig */,
			);
			name = Pods;
			sourceTree = "<group>";
		};
/* End PBXGroup section */

/* Begin PBXNativeTarget section */
		6B6769991EE9B4910075F136 /* Test_Music */ = {
			isa = PBXNativeTarget;
			buildConfigurationList = 6B6769AF1EE9B4910075F136 /* Build configuration list for PBXNativeTarget "Test_Music" */;
			buildPhases = (
				1F60ECEB0BC5236DCA16F7EB /* [CP] Check Pods Manifest.lock */,
				6B6769961EE9B4910075F136 /* Sources */,
				6B6769971EE9B4910075F136 /* Frameworks */,
				6B6769981EE9B4910075F136 /* Resources */,
				CC1B89E1B4E5D575340F01A2 /* [CP] Embed Pods Frameworks */,
				302E1465BB790D335CCB07AF /* [CP] Copy Pods Resources */,
			);
			buildRules = (
			);
			dependencies = (
			);
			name = Test_Music;
			productName = Test_Music;
			productReference = 6B67699A1EE9B4910075F136 /* Test_Music.app */;
			productType = "com.apple.product-type.application";
		};
/* End PBXNativeTarget section */

/* Begin PBXProject section */
		6B6769921EE9B4900075F136 /* Project object */ = {
			isa = PBXProject;
			attributes = {
				LastSwiftUpdateCheck = 0830;
				LastUpgradeCheck = 0830;
				ORGANIZATIONNAME = "Sai Krishna Dubagunta";
				TargetAttributes = {
					6B6769991EE9B4910075F136 = {
						CreatedOnToolsVersion = 8.3.3;
						DevelopmentTeam = NE8AW735Y8;
						ProvisioningStyle = Automatic;
					};
				};
			};
			buildConfigurationList = 6B6769951EE9B4900075F136 /* Build configuration list for PBXProject "Test_Music" */;
			compatibilityVersion = "Xcode 3.2";
			developmentRegion = English;
			hasScannedForEncodings = 0;
			knownRegions = (
				en,
				Base,
			);
			mainGroup = 6B6769911EE9B4900075F136;
			productRefGroup = 6B67699B1EE9B4910075F136 /* Products */;
			projectDirPath = "";
			projectRoot = "";
			targets = (
				6B6769991EE9B4910075F136 /* Test_Music */,
			);
		};
/* End PBXProject section */

/* Begin PBXResourcesBuildPhase section */
		6B6769981EE9B4910075F136 /* Resources */ = {
			isa = PBXResourcesBuildPhase;
			buildActionMask = 2147483647;
			files = (
				6B6769AB1EE9B4910075F136 /* LaunchScreen.storyboard in Resources */,
				6B6769A81EE9B4910075F136 /* Assets.xcassets in Resources */,
			);
			runOnlyForDeploymentPostprocessing = 0;
		};
/* End PBXResourcesBuildPhase section */

/* Begin PBXShellScriptBuildPhase section */
		1F60ECEB0BC5236DCA16F7EB /* [CP] Check Pods Manifest.lock */ = {
			isa = PBXShellScriptBuildPhase;
			buildActionMask = 2147483647;
			files = (
			);
			inputPaths = (
			);
			name = "[CP] Check Pods Manifest.lock";
			outputPaths = (
			);
			runOnlyForDeploymentPostprocessing = 0;
			shellPath = /bin/sh;
			shellScript = "diff \"${PODS_PODFILE_DIR_PATH}/Podfile.lock\" \"${PODS_ROOT}/Manifest.lock\" > /dev/null\nif [ $? != 0 ] ; then\n    # print error to STDERR\n    echo \"error: The sandbox is not in sync with the Podfile.lock. Run 'pod install' or update your CocoaPods installation.\" >&2\n    exit 1\nfi\n";
			showEnvVarsInLog = 0;
		};
		302E1465BB790D335CCB07AF /* [CP] Copy Pods Resources */ = {
			isa = PBXShellScriptBuildPhase;
			buildActionMask = 2147483647;
			files = (
			);
			inputPaths = (
			);
			name = "[CP] Copy Pods Resources";
			outputPaths = (
			);
			runOnlyForDeploymentPostprocessing = 0;
			shellPath = /bin/sh;
			shellScript = "\"${SRCROOT}/Pods/Target Support Files/Pods-Test_Music/Pods-Test_Music-resources.sh\"\n";
			showEnvVarsInLog = 0;
		};
		CC1B89E1B4E5D575340F01A2 /* [CP] Embed Pods Frameworks */ = {
			isa = PBXShellScriptBuildPhase;
			buildActionMask = 2147483647;
			files = (
			);
			inputPaths = (
			);
			name = "[CP] Embed Pods Frameworks";
			outputPaths = (
			);
			runOnlyForDeploymentPostprocessing = 0;
			shellPath = /bin/sh;
			shellScript = "\"${SRCROOT}/Pods/Target Support Files/Pods-Test_Music/Pods-Test_Music-frameworks.sh\"\n";
			showEnvVarsInLog = 0;
		};
/* End PBXShellScriptBuildPhase section */

/* Begin PBXSourcesBuildPhase section */
		6B6769961EE9B4910075F136 /* Sources */ = {
			isa = PBXSourcesBuildPhase;
			buildActionMask = 2147483647;
			files = (
				6B299F7F1EEB637E006153F7 /* Song.swift in Sources */,
				6B299F871EEC84A1006153F7 /* SongsViewController.swift in Sources */,
				6B299F851EEC7F67006153F7 /* playListTableView.swift in Sources */,
				6B6769A61EE9B4910075F136 /* Test_Music.xcdatamodeld in Sources */,
				6B299F771EEA575D006153F7 /* UIColor.swift in Sources */,
				6B299F831EEC4A0C006153F7 /* PlaylistCell.swift in Sources */,
				6B299F7D1EEB6336006153F7 /* Playlist.swift in Sources */,
				6B299F891EEC9151006153F7 /* artworkCell.swift in Sources */,
				6B6769A01EE9B4910075F136 /* ViewController.swift in Sources */,
				6B299F811EEB9AE5006153F7 /* alertView.swift in Sources */,
				6B299F761EEA575D006153F7 /* ButtonLayout.swift in Sources */,
				6B67699E1EE9B4910075F136 /* AppDelegate.swift in Sources */,
				6B299F731EEA5720006153F7 /* AppNavigationController.swift in Sources */,
			);
			runOnlyForDeploymentPostprocessing = 0;
		};
/* End PBXSourcesBuildPhase section */

/* Begin PBXVariantGroup section */
		6B6769A91EE9B4910075F136 /* LaunchScreen.storyboard */ = {
			isa = PBXVariantGroup;
			children = (
				6B6769AA1EE9B4910075F136 /* Base */,
			);
			name = LaunchScreen.storyboard;
			sourceTree = "<group>";
		};
/* End PBXVariantGroup section */

/* Begin XCBuildConfiguration section */
		6B6769AD1EE9B4910075F136 /* Debug */ = {
			isa = XCBuildConfiguration;
			buildSettings = {
				ALWAYS_SEARCH_USER_PATHS = NO;
				CLANG_ANALYZER_NONNULL = YES;
				CLANG_ANALYZER_NUMBER_OBJECT_CONVERSION = YES_AGGRESSIVE;
				CLANG_CXX_LANGUAGE_STANDARD = "gnu++0x";
				CLANG_CXX_LIBRARY = "libc++";
				CLANG_ENABLE_MODULES = YES;
				CLANG_ENABLE_OBJC_ARC = YES;
				CLANG_WARN_BOOL_CONVERSION = YES;
				CLANG_WARN_CONSTANT_CONVERSION = YES;
				CLANG_WARN_DIRECT_OBJC_ISA_USAGE = YES_ERROR;
				CLANG_WARN_DOCUMENTATION_COMMENTS = YES;
				CLANG_WARN_EMPTY_BODY = YES;
				CLANG_WARN_ENUM_CONVERSION = YES;
				CLANG_WARN_INFINITE_RECURSION = YES;
				CLANG_WARN_INT_CONVERSION = YES;
				CLANG_WARN_OBJC_ROOT_CLASS = YES_ERROR;
				CLANG_WARN_SUSPICIOUS_MOVE = YES;
				CLANG_WARN_UNREACHABLE_CODE = YES;
				CLANG_WARN__DUPLICATE_METHOD_MATCH = YES;
				"CODE_SIGN_IDENTITY[sdk=iphoneos*]" = "iPhone Developer";
				COPY_PHASE_STRIP = NO;
				DEBUG_INFORMATION_FORMAT = dwarf;
				ENABLE_STRICT_OBJC_MSGSEND = YES;
				ENABLE_TESTABILITY = YES;
				GCC_C_LANGUAGE_STANDARD = gnu99;
				GCC_DYNAMIC_NO_PIC = NO;
				GCC_NO_COMMON_BLOCKS = YES;
				GCC_OPTIMIZATION_LEVEL = 0;
				GCC_PREPROCESSOR_DEFINITIONS = (
					"DEBUG=1",
					"$(inherited)",
				);
				GCC_WARN_64_TO_32_BIT_CONVERSION = YES;
				GCC_WARN_ABOUT_RETURN_TYPE = YES_ERROR;
				GCC_WARN_UNDECLARED_SELECTOR = YES;
				GCC_WARN_UNINITIALIZED_AUTOS = YES_AGGRESSIVE;
				GCC_WARN_UNUSED_FUNCTION = YES;
				GCC_WARN_UNUSED_VARIABLE = YES;
				IPHONEOS_DEPLOYMENT_TARGET = 10.3;
				MTL_ENABLE_DEBUG_INFO = YES;
				ONLY_ACTIVE_ARCH = YES;
				SDKROOT = iphoneos;
				SWIFT_ACTIVE_COMPILATION_CONDITIONS = DEBUG;
				SWIFT_OPTIMIZATION_LEVEL = "-Onone";
				TARGETED_DEVICE_FAMILY = "1,2";
			};
			name = Debug;
		};
		6B6769AE1EE9B4910075F136 /* Release */ = {
			isa = XCBuildConfiguration;
			buildSettings = {
				ALWAYS_SEARCH_USER_PATHS = NO;
				CLANG_ANALYZER_NONNULL = YES;
				CLANG_ANALYZER_NUMBER_OBJECT_CONVERSION = YES_AGGRESSIVE;
				CLANG_CXX_LANGUAGE_STANDARD = "gnu++0x";
				CLANG_CXX_LIBRARY = "libc++";
				CLANG_ENABLE_MODULES = YES;
				CLANG_ENABLE_OBJC_ARC = YES;
				CLANG_WARN_BOOL_CONVERSION = YES;
				CLANG_WARN_CONSTANT_CONVERSION = YES;
				CLANG_WARN_DIRECT_OBJC_ISA_USAGE = YES_ERROR;
				CLANG_WARN_DOCUMENTATION_COMMENTS = YES;
				CLANG_WARN_EMPTY_BODY = YES;
				CLANG_WARN_ENUM_CONVERSION = YES;
				CLANG_WARN_INFINITE_RECURSION = YES;
				CLANG_WARN_INT_CONVERSION = YES;
				CLANG_WARN_OBJC_ROOT_CLASS = YES_ERROR;
				CLANG_WARN_SUSPICIOUS_MOVE = YES;
				CLANG_WARN_UNREACHABLE_CODE = YES;
				CLANG_WARN__DUPLICATE_METHOD_MATCH = YES;
				"CODE_SIGN_IDENTITY[sdk=iphoneos*]" = "iPhone Developer";
				COPY_PHASE_STRIP = NO;
				DEBUG_INFORMATION_FORMAT = "dwarf-with-dsym";
				ENABLE_NS_ASSERTIONS = NO;
				ENABLE_STRICT_OBJC_MSGSEND = YES;
				GCC_C_LANGUAGE_STANDARD = gnu99;
				GCC_NO_COMMON_BLOCKS = YES;
				GCC_WARN_64_TO_32_BIT_CONVERSION = YES;
				GCC_WARN_ABOUT_RETURN_TYPE = YES_ERROR;
				GCC_WARN_UNDECLARED_SELECTOR = YES;
				GCC_WARN_UNINITIALIZED_AUTOS = YES_AGGRESSIVE;
				GCC_WARN_UNUSED_FUNCTION = YES;
				GCC_WARN_UNUSED_VARIABLE = YES;
				IPHONEOS_DEPLOYMENT_TARGET = 10.3;
				MTL_ENABLE_DEBUG_INFO = NO;
				SDKROOT = iphoneos;
				SWIFT_OPTIMIZATION_LEVEL = "-Owholemodule";
				TARGETED_DEVICE_FAMILY = "1,2";
				VALIDATE_PRODUCT = YES;
			};
			name = Release;
		};
		6B6769B01EE9B4910075F136 /* Debug */ = {
			isa = XCBuildConfiguration;
			baseConfigurationReference = BF2D1DFF9207298B2463DFE7 /* Pods-Test_Music.debug.xcconfig */;
			buildSettings = {
				ASSETCATALOG_COMPILER_APPICON_NAME = AppIcon;
				DEVELOPMENT_TEAM = NE8AW735Y8;
				INFOPLIST_FILE = Test_Music/Info.plist;
				LD_RUNPATH_SEARCH_PATHS = "$(inherited) @executable_path/Frameworks";
				PRODUCT_BUNDLE_IDENTIFIER = "com.self.Test-Music";
				PRODUCT_NAME = "$(TARGET_NAME)";
				SWIFT_VERSION = 3.0;
			};
			name = Debug;
		};
		6B6769B11EE9B4910075F136 /* Release */ = {
			isa = XCBuildConfiguration;
			baseConfigurationReference = C50AB6240882EDD5C670B0E5 /* Pods-Test_Music.release.xcconfig */;
			buildSettings = {
				ASSETCATALOG_COMPILER_APPICON_NAME = AppIcon;
				DEVELOPMENT_TEAM = NE8AW735Y8;
				INFOPLIST_FILE = Test_Music/Info.plist;
				LD_RUNPATH_SEARCH_PATHS = "$(inherited) @executable_path/Frameworks";
				PRODUCT_BUNDLE_IDENTIFIER = "com.self.Test-Music";
				PRODUCT_NAME = "$(TARGET_NAME)";
				SWIFT_VERSION = 3.0;
			};
			name = Release;
		};
/* End XCBuildConfiguration section */

/* Begin XCConfigurationList section */
		6B6769951EE9B4900075F136 /* Build configuration list for PBXProject "Test_Music" */ = {
			isa = XCConfigurationList;
			buildConfigurations = (
				6B6769AD1EE9B4910075F136 /* Debug */,
				6B6769AE1EE9B4910075F136 /* Release */,
			);
			defaultConfigurationIsVisible = 0;
			defaultConfigurationName = Release;
		};
		6B6769AF1EE9B4910075F136 /* Build configuration list for PBXNativeTarget "Test_Music" */ = {
			isa = XCConfigurationList;
			buildConfigurations = (
				6B6769B01EE9B4910075F136 /* Debug */,
				6B6769B11EE9B4910075F136 /* Release */,
			);
			defaultConfigurationIsVisible = 0;
			defaultConfigurationName = Release;
		};
/* End XCConfigurationList section */

/* Begin XCVersionGroup section */
		6B6769A41EE9B4910075F136 /* Test_Music.xcdatamodeld */ = {
			isa = XCVersionGroup;
			children = (
				6B6769A51EE9B4910075F136 /* Test_Music.xcdatamodel */,
			);
			currentVersion = 6B6769A51EE9B4910075F136 /* Test_Music.xcdatamodel */;
			path = Test_Music.xcdatamodeld;
			sourceTree = "<group>";
			versionGroupType = wrapper.xcdatamodel;
		};
/* End XCVersionGroup section */
	};
	rootObject = 6B6769921EE9B4900075F136 /* Project object */;
}
